{
  "workspace": {
    "packages": {
      "droplet": {
        "path": "./",
        "core": {
          "dependencies": [
            {
              "aff": ">=8.0.0 <9.0.0"
            },
            {
              "arrays": ">=7.3.0 <8.0.0"
            },
            {
              "bifunctors": ">=6.1.0 <7.0.0"
            },
            {
              "bigints": ">=7.0.1 <8.0.0"
            },
            {
              "datetime": ">=6.1.0 <7.0.0"
            },
            {
              "debug": ">=6.0.2 <7.0.0"
            },
            {
              "effect": ">=4.0.0 <5.0.0"
            },
            {
              "either": ">=6.1.0 <7.0.0"
            },
            {
              "enums": ">=6.0.1 <7.0.0"
            },
            {
              "exceptions": ">=6.1.0 <7.0.0"
            },
            {
              "foldable-traversable": ">=6.0.0 <7.0.0"
            },
            {
              "foreign": ">=7.0.0 <8.0.0"
            },
            {
              "foreign-object": ">=4.1.0 <5.0.0"
            },
            {
              "integers": ">=6.0.0 <7.0.0"
            },
            {
              "maybe": ">=6.0.0 <7.0.0"
            },
            {
              "newtype": ">=5.0.0 <6.0.0"
            },
            {
              "nonempty": ">=7.0.0 <8.0.0"
            },
            {
              "nullable": ">=6.0.0 <7.0.0"
            },
            {
              "ordered-collections": ">=3.2.0 <4.0.0"
            },
            {
              "partial": ">=4.0.0 <5.0.0"
            },
            {
              "prelude": ">=6.0.2 <7.0.0"
            },
            {
              "profunctor": ">=6.0.1 <7.0.0"
            },
            {
              "record": ">=4.0.0 <5.0.0"
            },
            {
              "spec": ">=8.1.2 <9.0.0"
            },
            {
              "spec-node": ">=0.0.3 <0.0.4"
            },
            {
              "spec-reporter-xunit": ">=0.7.1 <0.8.0"
            },
            {
              "strings": ">=6.0.1 <7.0.0"
            },
            {
              "transformers": ">=6.1.0 <7.0.0"
            },
            {
              "tuples": ">=7.0.0 <8.0.0"
            },
            {
              "type-equality": ">=4.0.1 <5.0.0"
            },
            {
              "typelevel-prelude": ">=7.0.0 <8.0.0"
            },
            {
              "unsafe-coerce": ">=6.0.0 <7.0.0"
            }
          ]
        },
        "test": {
          "dependencies": []
        }
      },
      "from-test-1": {
        "path": "failing/From/ColumnDoesNotExist",
        "core": {
          "dependencies": [
            {
              "droplet": "*"
            },
            {
              "prelude": ">=6.0.2 <7.0.0"
            }
          ]
        },
        "test": {
          "dependencies": []
        }
      }
    },
    "extra_packages": {}
  },
  "packages": {
    "aff": {
      "type": "registry",
      "version": "8.0.0",
      "integrity": "sha256-9BRIrSdRoYybfiUmBqgKJ66cPqxYHb277bVWQMn/9sg=",
      "dependencies": [
        "control",
        "datetime",
        "effect",
        "either",
        "exceptions",
        "functions",
        "newtype",
        "parallel",
        "partial",
        "prelude",
        "st",
        "tailrec",
        "transformers",
        "unsafe-coerce"
      ]
    },
    "ansi": {
      "type": "registry",
      "version": "7.0.0",
      "integrity": "sha256-tOUaXJFzPSfBVAqLI8hc+Tz2M1rg16cXqyHaK/3SmFg=",
      "dependencies": [
        "foldable-traversable",
        "lists",
        "prelude"
      ]
    },
    "argonaut-codecs": {
      "type": "registry",
      "version": "9.1.0",
      "integrity": "sha256-K910SBrmYallESsm8pxJYThs7lig6hxX3M4PW33Cgew=",
      "dependencies": [
        "argonaut-core",
        "arrays",
        "bifunctors",
        "either",
        "foldable-traversable",
        "foreign-object",
        "identity",
        "integers",
        "lists",
        "maybe",
        "nonempty",
        "ordered-collections",
        "prelude",
        "record",
        "strings",
        "tuples"
      ]
    },
    "argonaut-core": {
      "type": "registry",
      "version": "7.0.0",
      "integrity": "sha256-gYZihtBIKthVuXXoiPphMookSf8M5aHyFYkcIWqlxTM=",
      "dependencies": [
        "arrays",
        "control",
        "either",
        "foreign-object",
        "functions",
        "gen",
        "maybe",
        "nonempty",
        "prelude",
        "strings",
        "tailrec"
      ]
    },
    "arraybuffer-types": {
      "type": "registry",
      "version": "3.0.2",
      "integrity": "sha256-p05cJnSkyeoB7VHzMyc2Eb1RwUaB7Nl0sQSqEGNEUD8=",
      "dependencies": []
    },
    "arrays": {
      "type": "registry",
      "version": "7.3.0",
      "integrity": "sha256-GD4z7LCi9wzi7FCQqbWhvs8paoUK9NO+HwgXZ+KP8Rk=",
      "dependencies": [
        "bifunctors",
        "control",
        "foldable-traversable",
        "functions",
        "maybe",
        "nonempty",
        "partial",
        "prelude",
        "safe-coerce",
        "st",
        "tailrec",
        "tuples",
        "unfoldable",
        "unsafe-coerce"
      ]
    },
    "avar": {
      "type": "registry",
      "version": "5.0.1",
      "integrity": "sha256-8V4SxF4TIWZ9Ik1P4lPzIRUAZeFBe8w5WA2VcCEKsIk=",
      "dependencies": [
        "aff",
        "effect",
        "either",
        "exceptions",
        "functions",
        "maybe",
        "prelude"
      ]
    },
    "bifunctors": {
      "type": "registry",
      "version": "6.1.0",
      "integrity": "sha256-CvZRb8uI75eKIqiYntR+k05Wk6tKlMS5w8sCA2AFna0=",
      "dependencies": [
        "const",
        "either",
        "newtype",
        "prelude",
        "tuples"
      ]
    },
    "bigints": {
      "type": "registry",
      "version": "7.0.1",
      "integrity": "sha256-RH8DKDpRog+SuugpRqqWiGugkQV6i7H6CjS9pcoVGFM=",
      "dependencies": [
        "arrays",
        "integers",
        "maybe",
        "partial",
        "prelude",
        "strings"
      ]
    },
    "catenable-lists": {
      "type": "registry",
      "version": "7.0.0",
      "integrity": "sha256-7+i/MHBLIRh604iCNT4ENWRWE/wuHIotER4kpdX9Ve0=",
      "dependencies": [
        "control",
        "foldable-traversable",
        "lists",
        "maybe",
        "prelude",
        "tuples",
        "unfoldable"
      ]
    },
    "const": {
      "type": "registry",
      "version": "6.0.0",
      "integrity": "sha256-S+m0lQsxnji0z1XRUmkn+3RFuWJ5CXWuIr1u3i8Bfoc=",
      "dependencies": [
        "invariant",
        "newtype",
        "prelude"
      ]
    },
    "contravariant": {
      "type": "registry",
      "version": "6.0.0",
      "integrity": "sha256-nuckEWqL80NaPmR/l9AUyrfycNh18XcvlZV9PAamwqc=",
      "dependencies": [
        "const",
        "either",
        "newtype",
        "prelude",
        "tuples"
      ]
    },
    "control": {
      "type": "registry",
      "version": "6.0.0",
      "integrity": "sha256-0vxyYh5FL+ilxgLo954w1LqCUC0RSIivNNlb9CaNUQg=",
      "dependencies": [
        "newtype",
        "prelude"
      ]
    },
    "datetime": {
      "type": "registry",
      "version": "6.1.0",
      "integrity": "sha256-tbv6eDXy6QOD7YSknxYSbsDF32OC2JrNbSBpzMs7Doc=",
      "dependencies": [
        "bifunctors",
        "control",
        "either",
        "enums",
        "foldable-traversable",
        "functions",
        "gen",
        "integers",
        "lists",
        "maybe",
        "newtype",
        "numbers",
        "ordered-collections",
        "partial",
        "prelude",
        "tuples"
      ]
    },
    "debug": {
      "type": "registry",
      "version": "6.0.2",
      "integrity": "sha256-d/EzRm/J2JyzvlIeo2Ex78Y7HRB0IXBitnVJywL4gHk=",
      "dependencies": [
        "functions",
        "prelude"
      ]
    },
    "distributive": {
      "type": "registry",
      "version": "6.0.0",
      "integrity": "sha256-netyJK4B32PDYHD0tF2AenKgo3urzbI770ycM0pArAo=",
      "dependencies": [
        "identity",
        "newtype",
        "prelude",
        "tuples",
        "type-equality"
      ]
    },
    "effect": {
      "type": "registry",
      "version": "4.0.0",
      "integrity": "sha256-DdqU3bncRTjgMVPPRlAuGHVeajSPEcRaRhNuio7if6s=",
      "dependencies": [
        "prelude"
      ]
    },
    "either": {
      "type": "registry",
      "version": "6.1.0",
      "integrity": "sha256-tBHx3PgtH4GZOApZCDkcM7szRTYJinrUrVGWazQCUUg=",
      "dependencies": [
        "control",
        "invariant",
        "maybe",
        "prelude"
      ]
    },
    "enums": {
      "type": "registry",
      "version": "6.0.1",
      "integrity": "sha256-sdZOmLX5+5pASGpvVyT0vSD5BBYQjZiayjV5XiPutso=",
      "dependencies": [
        "control",
        "either",
        "gen",
        "maybe",
        "newtype",
        "nonempty",
        "partial",
        "prelude",
        "tuples",
        "unfoldable"
      ]
    },
    "exceptions": {
      "type": "registry",
      "version": "6.1.0",
      "integrity": "sha256-nRrr+N0wk0TUFOWLR7e1n1oxcXo/X345bQUtoY9lW6A=",
      "dependencies": [
        "effect",
        "either",
        "maybe",
        "prelude"
      ]
    },
    "exists": {
      "type": "registry",
      "version": "6.0.0",
      "integrity": "sha256-vtLbrWNaI+pzx/2fw2AQnCovoLtcosClIhjO26QKkh8=",
      "dependencies": [
        "unsafe-coerce"
      ]
    },
    "exitcodes": {
      "type": "registry",
      "version": "4.0.0",
      "integrity": "sha256-xBl4aFSEQ05Owp1ZvO6OxxvLK3LVzU35RSbj79SsePQ=",
      "dependencies": [
        "enums",
        "maybe",
        "prelude"
      ]
    },
    "foldable-traversable": {
      "type": "registry",
      "version": "6.0.0",
      "integrity": "sha256-NGGWyCio/xjce6fPP7y3wwg7CheqllID6aJudDxbWhA=",
      "dependencies": [
        "bifunctors",
        "const",
        "control",
        "either",
        "functors",
        "identity",
        "maybe",
        "newtype",
        "orders",
        "prelude",
        "tuples"
      ]
    },
    "foreign": {
      "type": "registry",
      "version": "7.0.0",
      "integrity": "sha256-jiDRMVQfovGsbbA/FzbzYf6iWk9i2b5gNrIjz+gFfsI=",
      "dependencies": [
        "either",
        "functions",
        "integers",
        "lists",
        "maybe",
        "prelude",
        "strings",
        "transformers",
        "unsafe-coerce"
      ]
    },
    "foreign-object": {
      "type": "registry",
      "version": "4.1.0",
      "integrity": "sha256-x/Q7r80z/vmHRKvPwhYmHP/DnJciPtsyGfRTMzayKIU=",
      "dependencies": [
        "arrays",
        "foldable-traversable",
        "functions",
        "gen",
        "lists",
        "maybe",
        "prelude",
        "st",
        "tailrec",
        "tuples",
        "typelevel-prelude",
        "unfoldable",
        "unsafe-coerce"
      ]
    },
    "fork": {
      "type": "registry",
      "version": "6.0.0",
      "integrity": "sha256-0keBVeZZg1eCZEy/En1CohVW829gQUqKtqBNIRa93/A=",
      "dependencies": [
        "aff",
        "prelude",
        "transformers"
      ]
    },
    "free": {
      "type": "registry",
      "version": "7.1.0",
      "integrity": "sha256-tUBInfUpRQEw4u94GWcYW7EYdmSdDHSRn88a+C0eltU=",
      "dependencies": [
        "catenable-lists",
        "control",
        "distributive",
        "either",
        "exists",
        "foldable-traversable",
        "invariant",
        "lazy",
        "maybe",
        "prelude",
        "tailrec",
        "transformers",
        "tuples",
        "unsafe-coerce"
      ]
    },
    "functions": {
      "type": "registry",
      "version": "6.0.0",
      "integrity": "sha256-0jgtOr+SFO4UScKc40oA/9Vdcf2rLn3h3vZlY0KfqVo=",
      "dependencies": [
        "prelude"
      ]
    },
    "functors": {
      "type": "registry",
      "version": "5.0.0",
      "integrity": "sha256-W1o/4wcp6S3chodYL8uixlXK2mfr1L+SzM1R+whqUco=",
      "dependencies": [
        "bifunctors",
        "const",
        "contravariant",
        "control",
        "distributive",
        "either",
        "invariant",
        "maybe",
        "newtype",
        "prelude",
        "profunctor",
        "tuples",
        "unsafe-coerce"
      ]
    },
    "gen": {
      "type": "registry",
      "version": "4.0.0",
      "integrity": "sha256-kyOateeOtQa07vfTMYeSuCKdelgKE1R65fwKkZ10wsY=",
      "dependencies": [
        "either",
        "foldable-traversable",
        "identity",
        "maybe",
        "newtype",
        "nonempty",
        "prelude",
        "tailrec",
        "tuples",
        "unfoldable"
      ]
    },
    "identity": {
      "type": "registry",
      "version": "6.0.0",
      "integrity": "sha256-RY/iXPpxpqvKHYfJeFVNI1J06kohB9rbtWYuha8t0LE=",
      "dependencies": [
        "control",
        "invariant",
        "newtype",
        "prelude"
      ]
    },
    "integers": {
      "type": "registry",
      "version": "6.0.0",
      "integrity": "sha256-Y8yozC1uHRLcruobEyv5/bMKzE1BoKJ/olHv6o+bgm8=",
      "dependencies": [
        "maybe",
        "numbers",
        "prelude"
      ]
    },
    "invariant": {
      "type": "registry",
      "version": "6.0.0",
      "integrity": "sha256-HyoT1I5qIHRq8RSZji6zZDvqnpVjLw748utrKwZtqsw=",
      "dependencies": [
        "control",
        "prelude"
      ]
    },
    "js-date": {
      "type": "registry",
      "version": "8.0.0",
      "integrity": "sha256-DNQrp4xYc8o80jtxo0aOkUeXGi6h0Xidkk2ZQ8Y4l5Y=",
      "dependencies": [
        "datetime",
        "effect",
        "enums",
        "foreign",
        "functions",
        "integers",
        "maybe",
        "prelude"
      ]
    },
    "lazy": {
      "type": "registry",
      "version": "6.0.0",
      "integrity": "sha256-MHRC+1Pc+AjortBp4b/e1e6KpEpsDwaJBNBB7TOL+1I=",
      "dependencies": [
        "control",
        "foldable-traversable",
        "invariant",
        "prelude"
      ]
    },
    "lists": {
      "type": "registry",
      "version": "7.0.0",
      "integrity": "sha256-/mGd7wLoU+wsTcqii7SSUByxsvwvjnu2PjwAD47yYb4=",
      "dependencies": [
        "bifunctors",
        "control",
        "foldable-traversable",
        "lazy",
        "maybe",
        "newtype",
        "nonempty",
        "partial",
        "prelude",
        "tailrec",
        "tuples",
        "unfoldable"
      ]
    },
    "maybe": {
      "type": "registry",
      "version": "6.0.0",
      "integrity": "sha256-8X6XEgtZ5lqfkEuc1hWOofnL6mwhk8gSJTxwvbR/SbY=",
      "dependencies": [
        "control",
        "invariant",
        "newtype",
        "prelude"
      ]
    },
    "mmorph": {
      "type": "registry",
      "version": "7.0.0",
      "integrity": "sha256-Cfltaq+tfYjuSoSBN/b8cSQZbvZTqIRs6ebQewbIkGs=",
      "dependencies": [
        "bifunctors",
        "either",
        "free",
        "functors",
        "identity",
        "maybe",
        "newtype",
        "prelude",
        "transformers",
        "tuples"
      ]
    },
    "newtype": {
      "type": "registry",
      "version": "5.0.0",
      "integrity": "sha256-dt6w0cty4OS+Pjt9fsh3iU6ottqSU83mdAZkaEEvo6c=",
      "dependencies": [
        "prelude",
        "safe-coerce"
      ]
    },
    "node-buffer": {
      "type": "registry",
      "version": "9.0.0",
      "integrity": "sha256-RdQjilmEHqsT4fwpCr8Mavw8KTafYrS3ZM6zeAAVAl8=",
      "dependencies": [
        "arraybuffer-types",
        "effect",
        "functions",
        "maybe",
        "nullable",
        "partial",
        "prelude",
        "st",
        "unsafe-coerce"
      ]
    },
    "node-event-emitter": {
      "type": "registry",
      "version": "3.0.0",
      "integrity": "sha256-wodx71NxJBPXOaawFn01V1ByYB2vT+I3RuV2giOVKMg=",
      "dependencies": [
        "effect",
        "either",
        "functions",
        "maybe",
        "nullable",
        "prelude",
        "unsafe-coerce"
      ]
    },
    "node-fs": {
      "type": "registry",
      "version": "9.2.0",
      "integrity": "sha256-fxioTSm9y47WuYs9F/7nxCh/RVDCl3Kr3Hg779J4SJA=",
      "dependencies": [
        "aff",
        "datetime",
        "effect",
        "either",
        "enums",
        "exceptions",
        "functions",
        "integers",
        "js-date",
        "maybe",
        "node-buffer",
        "node-path",
        "node-streams",
        "nullable",
        "partial",
        "prelude",
        "strings"
      ]
    },
    "node-path": {
      "type": "registry",
      "version": "5.0.1",
      "integrity": "sha256-j7n/SmpVz0FOMJl4XZop3ofJ+MeIPkMNqUEUKHEL6Us=",
      "dependencies": [
        "effect"
      ]
    },
    "node-process": {
      "type": "registry",
      "version": "11.2.0",
      "integrity": "sha256-onzKeNmaeYfN3HSDPqSFTrrP2Yl9tnVsfKKhnf2plxM=",
      "dependencies": [
        "effect",
        "exceptions",
        "foreign",
        "foreign-object",
        "maybe",
        "node-event-emitter",
        "node-streams",
        "nullable",
        "posix-types",
        "prelude",
        "strings"
      ]
    },
    "node-streams": {
      "type": "registry",
      "version": "9.0.1",
      "integrity": "sha256-yuVGm/R/tBr4Nphi+a1a984Z0fkmN9Q5wWtSmbmJTpA=",
      "dependencies": [
        "aff",
        "arrays",
        "effect",
        "either",
        "exceptions",
        "maybe",
        "node-buffer",
        "node-event-emitter",
        "nullable",
        "prelude",
        "refs",
        "st",
        "tailrec",
        "unsafe-coerce"
      ]
    },
    "nonempty": {
      "type": "registry",
      "version": "7.0.0",
      "integrity": "sha256-Ctkq8/+KiGqCE53Y/LvibA/coy7ev9HtRZU+GYS7yfQ=",
      "dependencies": [
        "control",
        "foldable-traversable",
        "maybe",
        "prelude",
        "tuples",
        "unfoldable"
      ]
    },
    "now": {
      "type": "registry",
      "version": "6.0.0",
      "integrity": "sha256-mTyG4s8tps3XIf0jjV/lME2/QlwMzrQly2wqfSSUM3o=",
      "dependencies": [
        "datetime",
        "effect",
        "prelude"
      ]
    },
    "nullable": {
      "type": "registry",
      "version": "6.0.0",
      "integrity": "sha256-CDAZk+L9Sc0GCFTkE8n+qdp4Ys8avvnkU+m2hVALt7M=",
      "dependencies": [
        "functions",
        "maybe",
        "prelude"
      ]
    },
    "numbers": {
      "type": "registry",
      "version": "9.0.1",
      "integrity": "sha256-ZydYckgwRAnRaFC7pu6fADhzdwX+UqHZrfJyet64zls=",
      "dependencies": [
        "functions",
        "maybe",
        "prelude"
      ]
    },
    "open-memoize": {
      "type": "registry",
      "version": "6.2.0",
      "integrity": "sha256-yJLuVYX8FocHIJ+6q7efH/Pj4S+e1Y57DZ5Dn7qf4ww=",
      "dependencies": [
        "either",
        "integers",
        "lazy",
        "lists",
        "maybe",
        "partial",
        "prelude",
        "strings",
        "tuples"
      ]
    },
    "optparse": {
      "type": "registry",
      "version": "5.0.1",
      "integrity": "sha256-2btDjHPRR0uujUQJuZAN9AzvVoXe7yG6IwnY5evERhQ=",
      "dependencies": [
        "arrays",
        "bifunctors",
        "control",
        "effect",
        "either",
        "enums",
        "exists",
        "exitcodes",
        "foldable-traversable",
        "free",
        "integers",
        "lazy",
        "lists",
        "maybe",
        "newtype",
        "node-buffer",
        "node-process",
        "node-streams",
        "nonempty",
        "numbers",
        "open-memoize",
        "partial",
        "prelude",
        "strings",
        "tailrec",
        "transformers",
        "tuples"
      ]
    },
    "ordered-collections": {
      "type": "registry",
      "version": "3.2.0",
      "integrity": "sha256-NaEXc2cz/7lJfxPWEja4XlZbGxuRqJwFKQJjsJf51kQ=",
      "dependencies": [
        "arrays",
        "control",
        "foldable-traversable",
        "functions",
        "gen",
        "lists",
        "maybe",
        "newtype",
        "partial",
        "prelude",
        "safe-coerce",
        "tailrec",
        "tuples",
        "unfoldable"
      ]
    },
    "orders": {
      "type": "registry",
      "version": "6.0.0",
      "integrity": "sha256-nSMxZK7wxyDULkjZqvMyB71mVo6b0AyLLHosDVbv1XM=",
      "dependencies": [
        "newtype",
        "prelude"
      ]
    },
    "parallel": {
      "type": "registry",
      "version": "7.0.0",
      "integrity": "sha256-bAGpVhrFz2IyHkA4MR7+tE/19FZ7dzYBdYPgK5svkqw=",
      "dependencies": [
        "control",
        "effect",
        "either",
        "foldable-traversable",
        "functors",
        "maybe",
        "newtype",
        "prelude",
        "profunctor",
        "refs",
        "transformers"
      ]
    },
    "partial": {
      "type": "registry",
      "version": "4.0.0",
      "integrity": "sha256-mdrlJBAgFMh79hNRW39uv7c+BwnnaOrAMmdh7+VhEhs=",
      "dependencies": []
    },
    "pipes": {
      "type": "registry",
      "version": "8.0.0",
      "integrity": "sha256-dtUNpG8BGVr7pu6mQZyAnUAftUHgNS7f0QH3Kw5UTpQ=",
      "dependencies": [
        "aff",
        "control",
        "effect",
        "either",
        "foldable-traversable",
        "identity",
        "lists",
        "maybe",
        "mmorph",
        "newtype",
        "prelude",
        "tailrec",
        "transformers",
        "tuples"
      ]
    },
    "posix-types": {
      "type": "registry",
      "version": "6.0.0",
      "integrity": "sha256-Je5jG439F/SFO/IvVevZnWVxDIonrehlKuJkefP2lHE=",
      "dependencies": [
        "maybe",
        "newtype",
        "prelude"
      ]
    },
    "prelude": {
      "type": "registry",
      "version": "6.0.2",
      "integrity": "sha256-IqykrDRquGUD/LRSad7y75hZv3bUsGQ4knc8tdez8Qw=",
      "dependencies": []
    },
    "profunctor": {
      "type": "registry",
      "version": "6.0.1",
      "integrity": "sha256-Ow0mJC+PIIRq/a3mzCWY5vxuTgR/e+Ee68+mWeSRnWY=",
      "dependencies": [
        "control",
        "distributive",
        "either",
        "exists",
        "invariant",
        "newtype",
        "prelude",
        "tuples"
      ]
    },
    "record": {
      "type": "registry",
      "version": "4.0.0",
      "integrity": "sha256-WQ8fqp4X1wTA70J4qUcPW4Z7DCwx6e5KJnT/EuTdWSc=",
      "dependencies": [
        "functions",
        "prelude",
        "unsafe-coerce"
      ]
    },
    "refs": {
      "type": "registry",
      "version": "6.0.0",
      "integrity": "sha256-KKD5G9dR2SauuDGULUJsxjqDOEi1Jqm+2Sq5U2mY8YU=",
      "dependencies": [
        "effect",
        "prelude"
      ]
    },
    "safe-coerce": {
      "type": "registry",
      "version": "2.0.0",
      "integrity": "sha256-EJrxtKt5xC7TYjBZrSBO/J7Aw3DmtilYjt4olpAXWVc=",
      "dependencies": [
        "unsafe-coerce"
      ]
    },
    "spec": {
      "type": "registry",
      "version": "8.1.2",
      "integrity": "sha256-klPPJ6lBQI1CGOAdLJ+ZoGRt8XZippkTKjn53BrSkL0=",
      "dependencies": [
        "aff",
        "ansi",
        "arrays",
        "avar",
        "bifunctors",
        "control",
        "datetime",
        "effect",
        "either",
        "exceptions",
        "foldable-traversable",
        "fork",
        "identity",
        "integers",
        "lists",
        "maybe",
        "newtype",
        "now",
        "ordered-collections",
        "parallel",
        "pipes",
        "prelude",
        "refs",
        "strings",
        "tailrec",
        "transformers",
        "tuples"
      ]
    },
    "spec-node": {
      "type": "registry",
      "version": "0.0.3",
      "integrity": "sha256-8/9+g0obbamV0YtqzmttbWs8HaWF7CEeW+eDtqzuAAo=",
      "dependencies": [
        "aff",
        "argonaut-codecs",
        "argonaut-core",
        "arrays",
        "control",
        "datetime",
        "effect",
        "either",
        "foldable-traversable",
        "identity",
        "integers",
        "maybe",
        "newtype",
        "node-buffer",
        "node-fs",
        "node-process",
        "now",
        "numbers",
        "optparse",
        "ordered-collections",
        "partial",
        "prelude",
        "spec",
        "strings",
        "tuples"
      ]
    },
    "spec-reporter-xunit": {
      "type": "registry",
      "version": "0.7.1",
      "integrity": "sha256-7TTsxBrAFpBQ/n83M9P0dCQf8Mx5sWg8h/eS6cTplCI=",
      "dependencies": [
        "arrays",
        "effect",
        "either",
        "exceptions",
        "foldable-traversable",
        "maybe",
        "node-buffer",
        "node-fs",
        "node-path",
        "pipes",
        "prelude",
        "spec",
        "strings",
        "transformers"
      ]
    },
    "st": {
      "type": "registry",
      "version": "6.2.0",
      "integrity": "sha256-WI4MEkkwUd4pnwZQ3G8VKWgX5t1RSNJludm5e9boaRo=",
      "dependencies": [
        "effect",
        "partial",
        "prelude",
        "tailrec",
        "unsafe-coerce"
      ]
    },
    "strings": {
      "type": "registry",
      "version": "6.0.1",
      "integrity": "sha256-FNto2hoNW5Da6W6crIk77YXMagBvOGHZE1kO7eZ1vLM=",
      "dependencies": [
        "arrays",
        "control",
        "either",
        "enums",
        "foldable-traversable",
        "gen",
        "integers",
        "maybe",
        "newtype",
        "nonempty",
        "partial",
        "prelude",
        "tailrec",
        "tuples",
        "unfoldable",
        "unsafe-coerce"
      ]
    },
    "tailrec": {
      "type": "registry",
      "version": "6.1.0",
      "integrity": "sha256-xrorCfP0xV1wubs27idQCHQqdvSUuqmmL/am7Ji1wVU=",
      "dependencies": [
        "bifunctors",
        "effect",
        "either",
        "identity",
        "maybe",
        "partial",
        "prelude",
        "refs"
      ]
    },
    "transformers": {
      "type": "registry",
      "version": "6.1.0",
      "integrity": "sha256-QJmgNT/y7ljPHSsXaW4zxF/982BFiQ90KNL1g/NtEOQ=",
      "dependencies": [
        "control",
        "distributive",
        "effect",
        "either",
        "exceptions",
        "foldable-traversable",
        "identity",
        "lazy",
        "maybe",
        "newtype",
        "prelude",
        "st",
        "tailrec",
        "tuples",
        "unfoldable"
      ]
    },
    "tuples": {
      "type": "registry",
      "version": "7.0.0",
      "integrity": "sha256-BKy7EfK8S1KeTCwyWqyW1wwcpSAQuh3IsczSVgS6fzY=",
      "dependencies": [
        "control",
        "invariant",
        "prelude"
      ]
    },
    "type-equality": {
      "type": "registry",
      "version": "4.0.1",
      "integrity": "sha256-BBqYOSnAKmayRvR5mtZoCf4SlYs2ipatD/+5nQx73aw=",
      "dependencies": []
    },
    "typelevel-prelude": {
      "type": "registry",
      "version": "7.0.0",
      "integrity": "sha256-+pHi14/40mTj/+lmCWqL0T7iXIXD1+NSg/KItyyoB0A=",
      "dependencies": [
        "prelude",
        "type-equality"
      ]
    },
    "unfoldable": {
      "type": "registry",
      "version": "6.0.0",
      "integrity": "sha256-BK/6By1sKp/ztk+9CF3q43SV0QDTLVdsGqFerKHSmbg=",
      "dependencies": [
        "foldable-traversable",
        "maybe",
        "partial",
        "prelude",
        "tuples"
      ]
    },
    "unsafe-coerce": {
      "type": "registry",
      "version": "6.0.0",
      "integrity": "sha256-0L1QsaY20OILjfU5TV72d3U/tSjhmL9hJ32WMp857Lk=",
      "dependencies": []
    }
  }
}
